
Microsoft Visual Studio Solution File, Format Version 12.00
# Visual Studio 15
VisualStudioVersion = 15.0.25807.0
MinimumVisualStudioVersion = 10.0.40219.1
Project("{2150E333-8FDC-42A3-9474-1A3956D46DE8}") = "Engine", "Engine", "{9DEBD1AF-8CD6-443A-B29B-222676951D50}"
EndProject
Project("{2150E333-8FDC-42A3-9474-1A3956D46DE8}") = "Games", "Games", "{ED89921B-BBBD-4B3A-98C8-444A77D0178A}"
EndProject
Project("{8BC9CEB8-8B4A-11D0-8D11-00A0C91BC942}") = "UE4", "Intermediate\ProjectFiles\UE4.vcxproj", "{7230A666-30D4-429C-B05D-6F8B5CC1EBF2}"
EndProject
Project("{8BC9CEB8-8B4A-11D0-8D11-00A0C91BC942}") = "BuildingEscape", "Intermediate\ProjectFiles\BuildingEscape.vcxproj", "{8DACDA9C-B27F-4998-99B5-A48D8DF4F1A0}"
EndProject
Project("{2150E333-8FDC-42A3-9474-1A3956D46DE8}") = "Visualizers", "Visualizers", "{8535F6DD-02CB-4F82-A63A-FFB1174A0FF7}"
	ProjectSection(SolutionItems) = preProject
		..\..\..\..\..\..\Program Files\Epic Games\UE_4.21\Engine\Extras\VisualStudioDebugging\UE4.natvis = ..\..\..\..\..\..\Program Files\Epic Games\UE_4.21\Engine\Extras\VisualStudioDebugging\UE4.natvis
	EndProjectSection
EndProject
Global
	GlobalSection(SolutionConfigurationPlatforms) = preSolution
		DebugGame Editor|HTML5 = DebugGame Editor|HTML5
		DebugGame Editor|Win32 = DebugGame Editor|Win32
		DebugGame Editor|Win64 = DebugGame Editor|Win64
		DebugGame|HTML5 = DebugGame|HTML5
		DebugGame|Win32 = DebugGame|Win32
		DebugGame|Win64 = DebugGame|Win64
		Development Editor|HTML5 = Development Editor|HTML5
		Development Editor|Win32 = Development Editor|Win32
		Development Editor|Win64 = Development Editor|Win64
		Development|HTML5 = Development|HTML5
		Development|Win32 = Development|Win32
		Development|Win64 = Development|Win64
		Shipping|HTML5 = Shipping|HTML5
		Shipping|Win32 = Shipping|Win32
		Shipping|Win64 = Shipping|Win64
	EndGlobalSection
	GlobalSection(ProjectConfigurationPlatforms) = postSolution
		{7230A666-30D4-429C-B05D-6F8B5CC1EBF2}.DebugGame Editor|HTML5.ActiveCfg = BuiltWithUnrealBuildTool|Win32
		{7230A666-30D4-429C-B05D-6F8B5CC1EBF2}.DebugGame Editor|Win32.ActiveCfg = BuiltWithUnrealBuildTool|Win32
		{7230A666-30D4-429C-B05D-6F8B5CC1EBF2}.DebugGame Editor|Win64.ActiveCfg = BuiltWithUnrealBuildTool|Win32
		{7230A666-30D4-429C-B05D-6F8B5CC1EBF2}.DebugGame|HTML5.ActiveCfg = BuiltWithUnrealBuildTool|Win32
		{7230A666-30D4-429C-B05D-6F8B5CC1EBF2}.DebugGame|Win32.ActiveCfg = BuiltWithUnrealBuildTool|Win32
		{7230A666-30D4-429C-B05D-6F8B5CC1EBF2}.DebugGame|Win64.ActiveCfg = BuiltWithUnrealBuildTool|Win32
		{7230A666-30D4-429C-B05D-6F8B5CC1EBF2}.Development Editor|HTML5.ActiveCfg = BuiltWithUnrealBuildTool|Win32
		{7230A666-30D4-429C-B05D-6F8B5CC1EBF2}.Development Editor|Win32.ActiveCfg = BuiltWithUnrealBuildTool|Win32
		{7230A666-30D4-429C-B05D-6F8B5CC1EBF2}.Development Editor|Win64.ActiveCfg = BuiltWithUnrealBuildTool|Win32
		{7230A666-30D4-429C-B05D-6F8B5CC1EBF2}.Development|HTML5.ActiveCfg = BuiltWithUnrealBuildTool|Win32
		{7230A666-30D4-429C-B05D-6F8B5CC1EBF2}.Development|Win32.ActiveCfg = BuiltWithUnrealBuildTool|Win32
		{7230A666-30D4-429C-B05D-6F8B5CC1EBF2}.Development|Win64.ActiveCfg = BuiltWithUnrealBuildTool|Win32
		{7230A666-30D4-429C-B05D-6F8B5CC1EBF2}.Shipping|HTML5.ActiveCfg = BuiltWithUnrealBuildTool|Win32
		{7230A666-30D4-429C-B05D-6F8B5CC1EBF2}.Shipping|Win32.ActiveCfg = BuiltWithUnrealBuildTool|Win32
		{7230A666-30D4-429C-B05D-6F8B5CC1EBF2}.Shipping|Win64.ActiveCfg = BuiltWithUnrealBuildTool|Win32
		{8DACDA9C-B27F-4998-99B5-A48D8DF4F1A0}.DebugGame Editor|HTML5.ActiveCfg = Invalid|Win32
		{8DACDA9C-B27F-4998-99B5-A48D8DF4F1A0}.DebugGame Editor|Win32.ActiveCfg = Invalid|Win32
		{8DACDA9C-B27F-4998-99B5-A48D8DF4F1A0}.DebugGame Editor|Win64.ActiveCfg = DebugGame_Editor|x64
		{8DACDA9C-B27F-4998-99B5-A48D8DF4F1A0}.DebugGame Editor|Win64.Build.0 = DebugGame_Editor|x64
		{8DACDA9C-B27F-4998-99B5-A48D8DF4F1A0}.DebugGame|HTML5.ActiveCfg = HTML5_DebugGame|Win32
		{8DACDA9C-B27F-4998-99B5-A48D8DF4F1A0}.DebugGame|HTML5.Build.0 = HTML5_DebugGame|Win32
		{8DACDA9C-B27F-4998-99B5-A48D8DF4F1A0}.DebugGame|Win32.ActiveCfg = DebugGame|Win32
		{8DACDA9C-B27F-4998-99B5-A48D8DF4F1A0}.DebugGame|Win32.Build.0 = DebugGame|Win32
		{8DACDA9C-B27F-4998-99B5-A48D8DF4F1A0}.DebugGame|Win64.ActiveCfg = DebugGame|x64
		{8DACDA9C-B27F-4998-99B5-A48D8DF4F1A0}.DebugGame|Win64.Build.0 = DebugGame|x64
		{8DACDA9C-B27F-4998-99B5-A48D8DF4F1A0}.Development Editor|HTML5.ActiveCfg = Invalid|Win32
		{8DACDA9C-B27F-4998-99B5-A48D8DF4F1A0}.Development Editor|Win32.ActiveCfg = Invalid|Win32
		{8DACDA9C-B27F-4998-99B5-A48D8DF4F1A0}.Development Editor|Win64.ActiveCfg = Development_Editor|x64
		{8DACDA9C-B27F-4998-99B5-A48D8DF4F1A0}.Development Editor|Win64.Build.0 = Development_Editor|x64
		{8DACDA9C-B27F-4998-99B5-A48D8DF4F1A0}.Development|HTML5.ActiveCfg = HTML5_Development|Win32
		{8DACDA9C-B27F-4998-99B5-A48D8DF4F1A0}.Development|HTML5.Build.0 = HTML5_Development|Win32
		{8DACDA9C-B27F-4998-99B5-A48D8DF4F1A0}.Development|Win32.ActiveCfg = Development|Win32
		{8DACDA9C-B27F-4998-99B5-A48D8DF4F1A0}.Development|Win32.Build.0 = Development|Win32
		{8DACDA9C-B27F-4998-99B5-A48D8DF4F1A0}.Development|Win64.ActiveCfg = Development|x64
		{8DACDA9C-B27F-4998-99B5-A48D8DF4F1A0}.Development|Win64.Build.0 = Development|x64
		{8DACDA9C-B27F-4998-99B5-A48D8DF4F1A0}.Shipping|HTML5.ActiveCfg = HTML5_Shipping|Win32
		{8DACDA9C-B27F-4998-99B5-A48D8DF4F1A0}.Shipping|HTML5.Build.0 = HTML5_Shipping|Win32
		{8DACDA9C-B27F-4998-99B5-A48D8DF4F1A0}.Shipping|Win32.ActiveCfg = Shipping|Win32
		{8DACDA9C-B27F-4998-99B5-A48D8DF4F1A0}.Shipping|Win32.Build.0 = Shipping|Win32
		{8DACDA9C-B27F-4998-99B5-A48D8DF4F1A0}.Shipping|Win64.ActiveCfg = Shipping|x64
		{8DACDA9C-B27F-4998-99B5-A48D8DF4F1A0}.Shipping|Win64.Build.0 = Shipping|x64
	EndGlobalSection
	GlobalSection(SolutionProperties) = preSolution
		HideSolutionNode = FALSE
	EndGlobalSection
	GlobalSection(NestedProjects) = preSolution
		{7230A666-30D4-429C-B05D-6F8B5CC1EBF2} = {9DEBD1AF-8CD6-443A-B29B-222676951D50}
		{8DACDA9C-B27F-4998-99B5-A48D8DF4F1A0} = {ED89921B-BBBD-4B3A-98C8-444A77D0178A}
	EndGlobalSection
EndGlobal
